// !$*UTF8*$!
{
	archiveVersion = 1;
	classes = {
	};
	objectVersion = 46;
	objects = {

/* Begin PBXBuildFile section */
		6D47836E1CB29749000D5947 /* parser.cpp in Sources */ = {isa = PBXBuildFile; fileRef = 6D47836B1CB29749000D5947 /* parser.cpp */; };
		6D47836F1CB29749000D5947 /* Pharmacie.cpp in Sources */ = {isa = PBXBuildFile; fileRef = 6D47836C1CB29749000D5947 /* Pharmacie.cpp */; };
/* End PBXBuildFile section */

/* Begin PBXCopyFilesBuildPhase section */
		6D47835F1CB294B2000D5947 /* CopyFiles */ = {
			isa = PBXCopyFilesBuildPhase;
			buildActionMask = 2147483647;
			dstPath = /usr/share/man/man1/;
			dstSubfolderSpec = 0;
			files = (
			);
			runOnlyForDeploymentPostprocessing = 1;
		};
/* End PBXCopyFilesBuildPhase section */

/* Begin PBXFileReference section */
		6D4783611CB294B2000D5947 /* ProjetPoo */ = {isa = PBXFileReference; explicitFileType = "compiled.mach-o.executable"; includeInIndex = 0; path = ProjetPoo; sourceTree = BUILT_PRODUCTS_DIR; };
		6D47836B1CB29749000D5947 /* parser.cpp */ = {isa = PBXFileReference; fileEncoding = 4; lastKnownFileType = sourcecode.cpp.cpp; path = parser.cpp; sourceTree = "<group>"; };
		6D47836C1CB29749000D5947 /* Pharmacie.cpp */ = {isa = PBXFileReference; fileEncoding = 4; lastKnownFileType = sourcecode.cpp.cpp; path = Pharmacie.cpp; sourceTree = "<group>"; };
		6D47836D1CB29749000D5947 /* Pharmacie.hpp */ = {isa = PBXFileReference; fileEncoding = 4; lastKnownFileType = sourcecode.cpp.h; path = Pharmacie.hpp; sourceTree = "<group>"; };
/* End PBXFileReference section */

/* Begin PBXFrameworksBuildPhase section */
		6D47835E1CB294B2000D5947 /* Frameworks */ = {
			isa = PBXFrameworksBuildPhase;
			buildActionMask = 2147483647;
			files = (
			);
			runOnlyForDeploymentPostprocessing = 0;
		};
/* End PBXFrameworksBuildPhase section */

/* Begin PBXGroup section */
		6D4783581CB294B2000D5947 = {
			isa = PBXGroup;
			children = (
				6D4783631CB294B2000D5947 /* ProjetPoo */,
				6D4783621CB294B2000D5947 /* Products */,
			);
			sourceTree = "<group>";
		};
		6D4783621CB294B2000D5947 /* Products */ = {
			isa = PBXGroup;
			children = (
				6D4783611CB294B2000D5947 /* ProjetPoo */,
			);
			name = Products;
			sourceTree = "<group>";
		};
		6D4783631CB294B2000D5947 /* ProjetPoo */ = {
			isa = PBXGroup;
			children = (
				6D47836B1CB29749000D5947 /* parser.cpp */,
				6D47836C1CB29749000D5947 /* Pharmacie.cpp */,
				6D47836D1CB29749000D5947 /* Pharmacie.hpp */,
			);
			path = ProjetPoo;
			sourceTree = "<group>";
		};
/* End PBXGroup section */

/* Begin PBXNativeTarget section */
		6D4783601CB294B2000D5947 /* ProjetPoo */ = {
			isa = PBXNativeTarget;
			buildConfigurationList = 6D4783681CB294B2000D5947 /* Build configuration list for PBXNativeTarget "ProjetPoo" */;
			buildPhases = (
				6D47835D1CB294B2000D5947 /* Sources */,
				6D47835E1CB294B2000D5947 /* Frameworks */,
				6D47835F1CB294B2000D5947 /* CopyFiles */,
			);
			buildRules = (
			);
			dependencies = (
			);
			name = ProjetPoo;
			productName = ProjetPoo;
			productReference = 6D4783611CB294B2000D5947 /* ProjetPoo */;
			productType = "com.apple.product-type.tool";
		};
/* End PBXNativeTarget section */

/* Begin PBXProject section */
		6D4783591CB294B2000D5947 /* Project object */ = {
			isa = PBXProject;
			attributes = {
				LastUpgradeCheck = 0730;
				ORGANIZATIONNAME = MMD;
				TargetAttributes = {
					6D4783601CB294B2000D5947 = {
						CreatedOnToolsVersion = 7.3;
					};
				};
			};
			buildConfigurationList = 6D47835C1CB294B2000D5947 /* Build configuration list for PBXProject "ProjetPoo" */;
			compatibilityVersion = "Xcode 3.2";
			developmentRegion = English;
			hasScannedForEncodings = 0;
			knownRegions = (
				en,
			);
			mainGroup = 6D4783581CB294B2000D5947;
			productRefGroup = 6D4783621CB294B2000D5947 /* Products */;
			projectDirPath = "";
			projectRoot = "";
			targets = (
				6D4783601CB294B2000D5947 /* ProjetPoo */,
			);
		};
/* End PBXProject section */

/* Begin PBXSourcesBuildPhase section */
		6D47835D1CB294B2000D5947 /* Sources */ = {
			isa = PBXSourcesBuildPhase;
			buildActionMask = 2147483647;
			files = (
				6D47836E1CB29749000D5947 /* parser.cpp in Sources */,
				6D47836F1CB29749000D5947 /* Pharmacie.cpp in Sources */,
			);
			runOnlyForDeploymentPostprocessing = 0;
		};
/* End PBXSourcesBuildPhase section */

/* Begin XCBuildConfiguration section */
		6D4783661CB294B2000D5947 /* Debug */ = {
			isa = XCBuildConfiguration;
			buildSettings = {
				ALWAYS_SEARCH_USER_PATHS = NO;
				CLANG_ANALYZER_NONNULL = YES;
				CLANG_CXX_LANGUAGE_STANDARD = "gnu++0x";
				CLANG_CXX_LIBRARY = "libc++";
				CLANG_ENABLE_MODULES = YES;
				CLANG_ENABLE_OBJC_ARC = YES;
				CLANG_WARN_BOOL_CONVERSION = YES;
				CLANG_WARN_CONSTANT_CONVERSION = YES;
				CLANG_WARN_DIRECT_OBJC_ISA_USAGE = YES_ERROR;
				CLANG_WARN_EMPTY_BODY = YES;
				CLANG_WARN_ENUM_CONVERSION = YES;
				CLANG_WARN_INT_CONVERSION = YES;
				CLANG_WARN_OBJC_ROOT_CLASS = YES_ERROR;
				CLANG_WARN_UNREACHABLE_CODE = YES;
				CLANG_WARN__DUPLICATE_METHOD_MATCH = YES;
				CODE_SIGN_IDENTITY = "-";
				COPY_PHASE_STRIP = NO;
				DEBUG_INFORMATION_FORMAT = dwarf;
				ENABLE_STRICT_OBJC_MSGSEND = YES;
				ENABLE_TESTABILITY = YES;
				GCC_C_LANGUAGE_STANDARD = gnu99;
				GCC_DYNAMIC_NO_PIC = NO;
				GCC_NO_COMMON_BLOCKS = YES;
				GCC_OPTIMIZATION_LEVEL = 0;
				GCC_PREPROCESSOR_DEFINITIONS = (
					"DEBUG=1",
					"$(inherited)",
				);
				GCC_WARN_64_TO_32_BIT_CONVERSION = YES;
				GCC_WARN_ABOUT_RETURN_TYPE = YES_ERROR;
				GCC_WARN_UNDECLARED_SELECTOR = YES;
				GCC_WARN_UNINITIALIZED_AUTOS = YES_AGGRESSIVE;
				GCC_WARN_UNUSED_FUNCTION = YES;
				GCC_WARN_UNUSED_VARIABLE = YES;
				MACOSX_DEPLOYMENT_TARGET = 10.11;
				MTL_ENABLE_DEBUG_INFO = YES;
				ONLY_ACTIVE_ARCH = YES;
				SDKROOT = macosx;
			};
			name = Debug;
		};
		6D4783671CB294B2000D5947 /* Release */ = {
			isa = XCBuildConfiguration;
			buildSettings = {
				ALWAYS_SEARCH_USER_PATHS = NO;
				CLANG_ANALYZER_NONNULL = YES;
				CLANG_CXX_LANGUAGE_STANDARD = "gnu++0x";
				CLANG_CXX_LIBRARY = "libc++";
				CLANG_ENABLE_MODULES = YES;
				CLANG_ENABLE_OBJC_ARC = YES;
				CLANG_WARN_BOOL_CONVERSION = YES;
				CLANG_WARN_CONSTANT_CONVERSION = YES;
				CLANG_WARN_DIRECT_OBJC_ISA_USAGE = YES_ERROR;
				CLANG_WARN_EMPTY_BODY = YES;
				CLANG_WARN_ENUM_CONVERSION = YES;
				CLANG_WARN_INT_CONVERSION = YES;
				CLANG_WARN_OBJC_ROOT_CLASS = YES_ERROR;
				CLANG_WARN_UNREACHABLE_CODE = YES;
				CLANG_WARN__DUPLICATE_METHOD_MATCH = YES;
				CODE_SIGN_IDENTITY = "-";
				COPY_PHASE_STRIP = NO;
				DEBUG_INFORMATION_FORMAT = "dwarf-with-dsym";
				ENABLE_NS_ASSERTIONS = NO;
				ENABLE_STRICT_OBJC_MSGSEND = YES;
				GCC_C_LANGUAGE_STANDARD = gnu99;
				GCC_NO_COMMON_BLOCKS = YES;
				GCC_WARN_64_TO_32_BIT_CONVERSION = YES;
				GCC_WARN_ABOUT_RETURN_TYPE = YES_ERROR;
				GCC_WARN_UNDECLARED_SELECTOR = YES;
				GCC_WARN_UNINITIALIZED_AUTOS = YES_AGGRESSIVE;
				GCC_WARN_UNUSED_FUNCTION = YES;
				GCC_WARN_UNUSED_VARIABLE = YES;
				MACOSX_DEPLOYMENT_TARGET = 10.11;
				MTL_ENABLE_DEBUG_INFO = NO;
				SDKROOT = macosx;
			};
			name = Release;
		};
		6D4783691CB294B2000D5947 /* Debug */ = {
			isa = XCBuildConfiguration;
			buildSettings = {
				PRODUCT_NAME = "$(TARGET_NAME)";
			};
			name = Debug;
		};
		6D47836A1CB294B2000D5947 /* Release */ = {
			isa = XCBuildConfiguration;
			buildSettings = {
				PRODUCT_NAME = "$(TARGET_NAME)";
			};
			name = Release;
		};
/* End XCBuildConfiguration section */

/* Begin XCConfigurationList section */
		6D47835C1CB294B2000D5947 /* Build configuration list for PBXProject "ProjetPoo" */ = {
			isa = XCConfigurationList;
			buildConfigurations = (
				6D4783661CB294B2000D5947 /* Debug */,
				6D4783671CB294B2000D5947 /* Release */,
			);
			defaultConfigurationIsVisible = 0;
			defaultConfigurationName = Release;
		};
		6D4783681CB294B2000D5947 /* Build configuration list for PBXNativeTarget "ProjetPoo" */ = {
			isa = XCConfigurationList;
			buildConfigurations = (
				6D4783691CB294B2000D5947 /* Debug */,
				6D47836A1CB294B2000D5947 /* Release */,
			);
			defaultConfigurationIsVisible = 0;
			defaultConfigurationName = Release;
		};
/* End XCConfigurationList section */
	};
	rootObject = 6D4783591CB294B2000D5947 /* Project object */;
}
